
Microsoft Visual Studio Solution File, Format Version 12.00
# Visual Studio 15
VisualStudioVersion = 15.0.28307.2017
MinimumVisualStudioVersion = 10.0.40219.1
Project("{FAE04EC0-301F-11D3-BF4B-00C04F79EFBC}") = "GridKullanimii", "GridKullanimii\GridKullanimii.csproj", "{3820C2AB-6824-4761-AF3B-17396FED4622}"
EndProject
Global
	GlobalSection(SolutionConfigurationPlatforms) = preSolution
		Debug|Any CPU = Debug|Any CPU
		Release|Any CPU = Release|Any CPU
	EndGlobalSection
	GlobalSection(ProjectConfigurationPlatforms) = postSolution
		{3820C2AB-6824-4761-AF3B-17396FED4622}.Debug|Any CPU.ActiveCfg = Debug|Any CPU
		{3820C2AB-6824-4761-AF3B-17396FED4622}.Debug|Any CPU.Build.0 = Debug|Any CPU
		{3820C2AB-6824-4761-AF3B-17396FED4622}.Release|Any CPU.ActiveCfg = Release|Any CPU
		{3820C2AB-6824-4761-AF3B-17396FED4622}.Release|Any CPU.Build.0 = Release|Any CPU
	EndGlobalSection
	GlobalSection(SolutionProperties) = preSolution
		HideSolutionNode = FALSE
	EndGlobalSection
	GlobalSection(ExtensibilityGlobals) = postSolution
		SolutionGuid = {B7C0C815-B442-4037-90CF-76D241643380}
	EndGlobalSection
EndGlobal
